
Microsoft Visual Studio Solution File, Format Version 12.00
# Visual Studio Version 17
VisualStudioVersion = 17.0.31919.166
MinimumVisualStudioVersion = 10.0.40219.1
Project("{9A19103F-16F7-4668-BE54-9A1E7A4F7556}") = "CPTribal", "CPTribal\CPTribal.csproj", "{10BE869F-7E82-4148-98E0-15F55207ABBA}"
EndProject
Project("{FAE04EC0-301F-11D3-BF4B-00C04F79EFBC}") = "CPTribalTests", "CPTribalTests\CPTribalTests.csproj", "{44F7E5EC-FE31-457D-838A-D9330C93776C}"
EndProject
Global
	GlobalSection(SolutionConfigurationPlatforms) = preSolution
		Debug|Any CPU = Debug|Any CPU
		Release|Any CPU = Release|Any CPU
	EndGlobalSection
	GlobalSection(ProjectConfigurationPlatforms) = postSolution
		{10BE869F-7E82-4148-98E0-15F55207ABBA}.Debug|Any CPU.ActiveCfg = Debug|Any CPU
		{10BE869F-7E82-4148-98E0-15F55207ABBA}.Debug|Any CPU.Build.0 = Debug|Any CPU
		{10BE869F-7E82-4148-98E0-15F55207ABBA}.Release|Any CPU.ActiveCfg = Release|Any CPU
		{10BE869F-7E82-4148-98E0-15F55207ABBA}.Release|Any CPU.Build.0 = Release|Any CPU
		{44F7E5EC-FE31-457D-838A-D9330C93776C}.Debug|Any CPU.ActiveCfg = Debug|Any CPU
		{44F7E5EC-FE31-457D-838A-D9330C93776C}.Debug|Any CPU.Build.0 = Debug|Any CPU
		{44F7E5EC-FE31-457D-838A-D9330C93776C}.Release|Any CPU.ActiveCfg = Release|Any CPU
		{44F7E5EC-FE31-457D-838A-D9330C93776C}.Release|Any CPU.Build.0 = Release|Any CPU
	EndGlobalSection
	GlobalSection(SolutionProperties) = preSolution
		HideSolutionNode = FALSE
	EndGlobalSection
	GlobalSection(ExtensibilityGlobals) = postSolution
		SolutionGuid = {C6FD30AC-B012-42D6-A23F-F560C88EB6B8}
	EndGlobalSection
EndGlobal
